<?xml version="1.0" encoding="utf-8"?>
<Project ToolsVersion="4.0" xmlns="http://schemas.microsoft.com/developer/msbuild/2003">
  <ItemGroup>
    <Filter Include="src">
      <UniqueIdentifier>{2DAB880B-99B4-887C-2230-9F7C8E38947C}</UniqueIdentifier>
    </Filter>
    <Filter Include="src\Guava">
      <UniqueIdentifier>{D0AE02B3-3C19-B729-8557-68CFF100957E}</UniqueIdentifier>
    </Filter>
    <Filter Include="src\Guava\Core">
      <UniqueIdentifier>{289589AE-1463-7DB4-FDF6-EDDAE9635919}</UniqueIdentifier>
    </Filter>
    <Filter Include="src\Guava\Core\Memory">
      <UniqueIdentifier>{90EF88F2-FC5B-44ED-C54F-DC4A317B6655}</UniqueIdentifier>
    </Filter>
    <Filter Include="src\Guava\Graphics">
      <UniqueIdentifier>{102170C7-FC04-311D-6565-2B7051681B9F}</UniqueIdentifier>
    </Filter>
    <Filter Include="src\Guava\Graphics\OpenGL">
      <UniqueIdentifier>{44F85A2C-B0BA-8EB6-F96A-1D43656C6794}</UniqueIdentifier>
    </Filter>
    <Filter Include="vendor">
      <UniqueIdentifier>{B3738122-9F15-ACF8-88D0-BF4C74113349}</UniqueIdentifier>
    </Filter>
    <Filter Include="vendor\stb_image">
      <UniqueIdentifier>{0DA0BA59-F998-D9AB-22CB-BE300E23B9B7}</UniqueIdentifier>
    </Filter>
  </ItemGroup>
  <ItemGroup>
    <ClInclude Include="src\Guava\Core\Core.h">
      <Filter>src\Guava\Core</Filter>
    </ClInclude>
    <ClInclude Include="src\Guava\Core\Log.h">
      <Filter>src\Guava\Core</Filter>
    </ClInclude>
    <ClInclude Include="src\Guava\Core\Memory\PoolVector.h">
      <Filter>src\Guava\Core\Memory</Filter>
    </ClInclude>
    <ClInclude Include="src\Guava\Core\Transform.h">
      <Filter>src\Guava\Core</Filter>
    </ClInclude>
    <ClInclude Include="src\Guava\Core\Utility.h">
      <Filter>src\Guava\Core</Filter>
    </ClInclude>
    <ClInclude Include="src\Guava\Core\Window.h">
      <Filter>src\Guava\Core</Filter>
    </ClInclude>
    <ClInclude Include="src\Guava\Graphics\BufferLayout.h">
      <Filter>src\Guava\Graphics</Filter>
    </ClInclude>
    <ClInclude Include="src\Guava\Graphics\Camera.h">
      <Filter>src\Guava\Graphics</Filter>
    </ClInclude>
    <ClInclude Include="src\Guava\Graphics\Color.h">
      <Filter>src\Guava\Graphics</Filter>
    </ClInclude>
    <ClInclude Include="src\Guava\Graphics\OpenGL\glBuffer.h">
      <Filter>src\Guava\Graphics\OpenGL</Filter>
    </ClInclude>
    <ClInclude Include="src\Guava\Graphics\OpenGL\glRenderer.h">
      <Filter>src\Guava\Graphics\OpenGL</Filter>
    </ClInclude>
    <ClInclude Include="src\Guava\Graphics\OpenGL\glShader.h">
      <Filter>src\Guava\Graphics\OpenGL</Filter>
    </ClInclude>
    <ClInclude Include="src\Guava\Graphics\OpenGL\glTexture.h">
      <Filter>src\Guava\Graphics\OpenGL</Filter>
    </ClInclude>
    <ClInclude Include="src\Guava\Graphics\OpenGL\glVertexArray.h">
      <Filter>src\Guava\Graphics\OpenGL</Filter>
    </ClInclude>
    <ClInclude Include="src\Guava\Graphics\Renderer.h">
      <Filter>src\Guava\Graphics</Filter>
    </ClInclude>
    <ClInclude Include="src\Guava\Graphics\Shader.h">
      <Filter>src\Guava\Graphics</Filter>
    </ClInclude>
    <ClInclude Include="src\Guava\Graphics\Texture.h">
      <Filter>src\Guava\Graphics</Filter>
    </ClInclude>
    <ClInclude Include="src\pch.h">
      <Filter>src</Filter>
    </ClInclude>
    <ClInclude Include="vendor\stb_image\stb_image.h">
      <Filter>vendor\stb_image</Filter>
    </ClInclude>
    <ClInclude Include="src\Guava\Core\Input.h" />
    <ClInclude Include="src\Guava\Core\AssetManager.h" />
    <ClInclude Include="src\Guava\Graphics\Model.h" />
    <ClInclude Include="src\Guava\Graphics\Light.h" />
    <ClInclude Include="src\Guava\Core\StopWatch.h" />
    <ClInclude Include="src\Guava\Graphics\OpenGL\glModel.h">
      <Filter>src\Guava\Graphics\OpenGL</Filter>
    </ClInclude>
  </ItemGroup>
  <ItemGroup>
    <ClCompile Include="src\Guava\Core\Core.cpp">
      <Filter>src\Guava\Core</Filter>
    </ClCompile>
    <ClCompile Include="src\Guava\Core\Log.cpp">
      <Filter>src\Guava\Core</Filter>
    </ClCompile>
    <ClCompile Include="src\Guava\Core\Transform.cpp">
      <Filter>src\Guava\Core</Filter>
    </ClCompile>
    <ClCompile Include="src\Guava\Core\Utility.cpp">
      <Filter>src\Guava\Core</Filter>
    </ClCompile>
    <ClCompile Include="src\Guava\Core\Window.cpp">
      <Filter>src\Guava\Core</Filter>
    </ClCompile>
    <ClCompile Include="src\Guava\Graphics\BufferLayout.cpp">
      <Filter>src\Guava\Graphics</Filter>
    </ClCompile>
    <ClCompile Include="src\Guava\Graphics\Camera.cpp">
      <Filter>src\Guava\Graphics</Filter>
    </ClCompile>
    <ClCompile Include="src\Guava\Graphics\Color.cpp">
      <Filter>src\Guava\Graphics</Filter>
    </ClCompile>
    <ClCompile Include="src\Guava\Graphics\OpenGL\glBuffer.cpp">
      <Filter>src\Guava\Graphics\OpenGL</Filter>
    </ClCompile>
    <ClCompile Include="src\Guava\Graphics\OpenGL\glRenderer.cpp">
      <Filter>src\Guava\Graphics\OpenGL</Filter>
    </ClCompile>
    <ClCompile Include="src\Guava\Graphics\OpenGL\glShader.cpp">
      <Filter>src\Guava\Graphics\OpenGL</Filter>
    </ClCompile>
    <ClCompile Include="src\Guava\Graphics\OpenGL\glTexture.cpp">
      <Filter>src\Guava\Graphics\OpenGL</Filter>
    </ClCompile>
    <ClCompile Include="src\Guava\Graphics\OpenGL\glVertexArray.cpp">
      <Filter>src\Guava\Graphics\OpenGL</Filter>
    </ClCompile>
    <ClCompile Include="src\Guava\Graphics\Renderer.cpp">
      <Filter>src\Guava\Graphics</Filter>
    </ClCompile>
    <ClCompile Include="src\Guava\Graphics\Shader.cpp">
      <Filter>src\Guava\Graphics</Filter>
    </ClCompile>
    <ClCompile Include="src\Guava\Graphics\Texture.cpp">
      <Filter>src\Guava\Graphics</Filter>
    </ClCompile>
    <ClCompile Include="src\main.cpp">
      <Filter>src</Filter>
    </ClCompile>
    <ClCompile Include="src\pch.cpp">
      <Filter>src</Filter>
    </ClCompile>
    <ClCompile Include="vendor\stb_image\stb_image.cpp">
      <Filter>vendor\stb_image</Filter>
    </ClCompile>
    <ClCompile Include="src\Guava\Core\Input.cpp" />
    <ClCompile Include="src\Guava\Core\AssetManager.cpp" />
    <ClCompile Include="src\Guava\Graphics\Model.cpp" />
    <ClCompile Include="src\Guava\Graphics\Light.cpp" />
    <ClCompile Include="src\Guava\Core\StopWatch.cpp" />
    <ClCompile Include="src\Guava\Graphics\OpenGL\glModel.cpp">
      <Filter>src\Guava\Graphics\OpenGL</Filter>
    </ClCompile>
  </ItemGroup>
</Project>