<?xml version="1.0" encoding="utf-8"?>
<Project ToolsVersion="4.0" xmlns="http://schemas.microsoft.com/developer/msbuild/2003">
  <ItemGroup>
    <Filter Include="Guava">
      <UniqueIdentifier>{79A0450D-E5B4-6DBE-AE36-111E1A0A6AEF}</UniqueIdentifier>
    </Filter>
  </ItemGroup>
  <ItemGroup>
    <ClInclude Include="src\Guava.h" />
    <ClInclude Include="src\Guava\Application.h">
      <Filter>Guava</Filter>
    </ClInclude>
    <ClInclude Include="src\Guava\Core.h">
      <Filter>Guava</Filter>
    </ClInclude>
    <ClInclude Include="src\Guava\Entrypoint.h">
      <Filter>Guava</Filter>
    </ClInclude>
    <ClInclude Include="src\Guava\Log.h">
      <Filter>Guava</Filter>
    </ClInclude>
  </ItemGroup>
  <ItemGroup>
    <ClCompile Include="src\Guava\Application.cpp">
      <Filter>Guava</Filter>
    </ClCompile>
    <ClCompile Include="src\Guava\Log.cpp">
      <Filter>Guava</Filter>
    </ClCompile>
  </ItemGroup>
</Project>