<?xml version="1.0" encoding="utf-8"?>
<Project ToolsVersion="4.0" xmlns="http://schemas.microsoft.com/developer/msbuild/2003">
  <ItemGroup>
    <Filter Include="Guava">
      <UniqueIdentifier>{79A0450D-E5B4-6DBE-AE36-111E1A0A6AEF}</UniqueIdentifier>
    </Filter>
    <Filter Include="Guava\Platform">
      <UniqueIdentifier>{ED7446EA-D942-3AF0-C2D6-AA16AE431655}</UniqueIdentifier>
    </Filter>
    <Filter Include="Guava\Platform\OpenGL">
      <UniqueIdentifier>{81B14A4F-ED1D-064A-B611-9EA7223D28B2}</UniqueIdentifier>
    </Filter>
    <Filter Include="Guava\Platform\Windows">
      <UniqueIdentifier>{27BCBC90-13B6-E5E2-FC22-7CF3E8BB4B4F}</UniqueIdentifier>
    </Filter>
    <Filter Include="Guava\Renderer">
      <UniqueIdentifier>{3F7C23C5-2B4A-17CB-14DE-87F1004BF32F}</UniqueIdentifier>
    </Filter>
  </ItemGroup>
  <ItemGroup>
    <ClInclude Include="src\Guava.h" />
    <ClInclude Include="src\Guava\Platform\OpenGL\OpenGLMesh.h">
      <Filter>Guava\Platform\OpenGL</Filter>
    </ClInclude>
    <ClInclude Include="src\Guava\Platform\OpenGL\OpenGLRenderer.h">
      <Filter>Guava\Platform\OpenGL</Filter>
    </ClInclude>
    <ClInclude Include="src\Guava\Platform\OpenGL\OpenGLShader.h">
      <Filter>Guava\Platform\OpenGL</Filter>
    </ClInclude>
    <ClInclude Include="src\Guava\Platform\Windows\WindowsWindow.h">
      <Filter>Guava\Platform\Windows</Filter>
    </ClInclude>
    <ClInclude Include="src\Guava\Renderer\Camera.h">
      <Filter>Guava\Renderer</Filter>
    </ClInclude>
    <ClInclude Include="src\Guava\Renderer\Mesh.h">
      <Filter>Guava\Renderer</Filter>
    </ClInclude>
    <ClInclude Include="src\Guava\Renderer\Renderer.h">
      <Filter>Guava\Renderer</Filter>
    </ClInclude>
    <ClInclude Include="src\Guava\Renderer\Shader.h">
      <Filter>Guava\Renderer</Filter>
    </ClInclude>
    <ClInclude Include="src\Guava\Core\Window.h">
      <Filter>Guava</Filter>
    </ClInclude>
    <ClInclude Include="src\Guava\Core\Application.h">
      <Filter>Guava</Filter>
    </ClInclude>
    <ClInclude Include="src\Guava\Core\Core.h">
      <Filter>Guava</Filter>
    </ClInclude>
    <ClInclude Include="src\Guava\Core\Entrypoint.h">
      <Filter>Guava</Filter>
    </ClInclude>
    <ClInclude Include="src\Guava\Core\File.h">
      <Filter>Guava</Filter>
    </ClInclude>
    <ClInclude Include="src\Guava\Core\Log.h">
      <Filter>Guava</Filter>
    </ClInclude>
  </ItemGroup>
  <ItemGroup>
    <ClCompile Include="src\Guava\Platform\OpenGL\OpenGLMesh.cpp">
      <Filter>Guava\Platform\OpenGL</Filter>
    </ClCompile>
    <ClCompile Include="src\Guava\Platform\OpenGL\OpenGLRenderer.cpp">
      <Filter>Guava\Platform\OpenGL</Filter>
    </ClCompile>
    <ClCompile Include="src\Guava\Platform\OpenGL\OpenGLShader.cpp">
      <Filter>Guava\Platform\OpenGL</Filter>
    </ClCompile>
    <ClCompile Include="src\Guava\Platform\Windows\WindowsWindow.cpp">
      <Filter>Guava\Platform\Windows</Filter>
    </ClCompile>
    <ClCompile Include="src\Guava\Renderer\Camera.cpp">
      <Filter>Guava\Renderer</Filter>
    </ClCompile>
    <ClCompile Include="src\Guava\Renderer\Mesh.cpp">
      <Filter>Guava\Renderer</Filter>
    </ClCompile>
    <ClCompile Include="src\Guava\Renderer\Renderer.cpp">
      <Filter>Guava\Renderer</Filter>
    </ClCompile>
    <ClCompile Include="src\Guava\Renderer\Shader.cpp">
      <Filter>Guava\Renderer</Filter>
    </ClCompile>
    <ClCompile Include="src\Guava\Core\Application.cpp">
      <Filter>Guava</Filter>
    </ClCompile>
    <ClCompile Include="src\Guava\Core\File.cpp">
      <Filter>Guava</Filter>
    </ClCompile>
    <ClCompile Include="src\Guava\Core\Log.cpp">
      <Filter>Guava</Filter>
    </ClCompile>
  </ItemGroup>
</Project>